{
  "requires": true,
  "lockfileVersion": 1,
  "dependencies": {
    "simple-statistics": {
      "version": "6.1.0",
      "resolved": "https://registry.npmjs.org/simple-statistics/-/simple-statistics-6.1.0.tgz",
      "integrity": "sha512-Vi/xPPuiEIizXOCDx3N8LjcIqC7Z8euiIfvmj5oYimm9/KmXNKeK4aHiVMeE9q7e9wfg1i9YRoWnUNURq54ZFg=="
    }
  }
}
